// !$*UTF8*$!
{
	archiveVersion = 1;
	classes = {
	};
	objectVersion = 55;
	objects = {

/* Begin PBXBuildFile section */
		36029425276B2477002A3B90 /* StoreViewController.swift in Sources */ = {isa = PBXBuildFile; fileRef = 36029424276B2477002A3B90 /* StoreViewController.swift */; };
		36029429276B3355002A3B90 /* SetZipCodeController.swift in Sources */ = {isa = PBXBuildFile; fileRef = 36029428276B3355002A3B90 /* SetZipCodeController.swift */; };
		3602942E276B3514002A3B90 /* StoreModel.swift in Sources */ = {isa = PBXBuildFile; fileRef = 3602942D276B3514002A3B90 /* StoreModel.swift */; };
		36029430276B3546002A3B90 /* TargetStoreFinderModel.swift in Sources */ = {isa = PBXBuildFile; fileRef = 3602942F276B3546002A3B90 /* TargetStoreFinderModel.swift */; };
		36029433276B3989002A3B90 /* StoreTableViewCell.swift in Sources */ = {isa = PBXBuildFile; fileRef = 36029432276B3989002A3B90 /* StoreTableViewCell.swift */; };
		36029435276B5025002A3B90 /* ProductTableViewCell.swift in Sources */ = {isa = PBXBuildFile; fileRef = 36029434276B5025002A3B90 /* ProductTableViewCell.swift */; };
		36029437276B50D5002A3B90 /* ProductViewController.swift in Sources */ = {isa = PBXBuildFile; fileRef = 36029436276B50D5002A3B90 /* ProductViewController.swift */; };
		36029439276B5D27002A3B90 /* ProductModel.swift in Sources */ = {isa = PBXBuildFile; fileRef = 36029438276B5D27002A3B90 /* ProductModel.swift */; };
		3602943B276B71B1002A3B90 /* AccountViewController.swift in Sources */ = {isa = PBXBuildFile; fileRef = 3602943A276B71B1002A3B90 /* AccountViewController.swift */; };
		3602943D276B7738002A3B90 /* AccountModel.swift in Sources */ = {isa = PBXBuildFile; fileRef = 3602943C276B7738002A3B90 /* AccountModel.swift */; };
		3602943F276B7C96002A3B90 /* LoginController.swift in Sources */ = {isa = PBXBuildFile; fileRef = 3602943E276B7C96002A3B90 /* LoginController.swift */; };
		36029441276B801E002A3B90 /* AccountTableViewCell.swift in Sources */ = {isa = PBXBuildFile; fileRef = 36029440276B801E002A3B90 /* AccountTableViewCell.swift */; };
		368A8BEA276B06D000D356FD /* AppDelegate.swift in Sources */ = {isa = PBXBuildFile; fileRef = 368A8BE9276B06D000D356FD /* AppDelegate.swift */; };
		368A8BEC276B06D000D356FD /* SceneDelegate.swift in Sources */ = {isa = PBXBuildFile; fileRef = 368A8BEB276B06D000D356FD /* SceneDelegate.swift */; };
		368A8BEE276B06D000D356FD /* HomeViewController.swift in Sources */ = {isa = PBXBuildFile; fileRef = 368A8BED276B06D000D356FD /* HomeViewController.swift */; };
		368A8BF1276B06D000D356FD /* Main.storyboard in Resources */ = {isa = PBXBuildFile; fileRef = 368A8BEF276B06D000D356FD /* Main.storyboard */; };
		368A8BF4276B06D000D356FD /* StoreListings.xcdatamodeld in Sources */ = {isa = PBXBuildFile; fileRef = 368A8BF2276B06D000D356FD /* StoreListings.xcdatamodeld */; };
		368A8BF6276B06D100D356FD /* Assets.xcassets in Resources */ = {isa = PBXBuildFile; fileRef = 368A8BF5276B06D100D356FD /* Assets.xcassets */; };
		368A8BF9276B06D100D356FD /* LaunchScreen.storyboard in Resources */ = {isa = PBXBuildFile; fileRef = 368A8BF7276B06D100D356FD /* LaunchScreen.storyboard */; };
		368A8C02276B19E000D356FD /* AddZipCodeController.swift in Sources */ = {isa = PBXBuildFile; fileRef = 368A8C01276B19E000D356FD /* AddZipCodeController.swift */; };
/* End PBXBuildFile section */

/* Begin PBXFileReference section */
		36029424276B2477002A3B90 /* StoreViewController.swift */ = {isa = PBXFileReference; lastKnownFileType = sourcecode.swift; path = StoreViewController.swift; sourceTree = "<group>"; };
		36029428276B3355002A3B90 /* SetZipCodeController.swift */ = {isa = PBXFileReference; lastKnownFileType = sourcecode.swift; path = SetZipCodeController.swift; sourceTree = "<group>"; };
		3602942D276B3514002A3B90 /* StoreModel.swift */ = {isa = PBXFileReference; lastKnownFileType = sourcecode.swift; path = StoreModel.swift; sourceTree = "<group>"; };
		3602942F276B3546002A3B90 /* TargetStoreFinderModel.swift */ = {isa = PBXFileReference; lastKnownFileType = sourcecode.swift; path = TargetStoreFinderModel.swift; sourceTree = "<group>"; };
		36029432276B3989002A3B90 /* StoreTableViewCell.swift */ = {isa = PBXFileReference; lastKnownFileType = sourcecode.swift; path = StoreTableViewCell.swift; sourceTree = "<group>"; };
		36029434276B5025002A3B90 /* ProductTableViewCell.swift */ = {isa = PBXFileReference; lastKnownFileType = sourcecode.swift; path = ProductTableViewCell.swift; sourceTree = "<group>"; };
		36029436276B50D5002A3B90 /* ProductViewController.swift */ = {isa = PBXFileReference; lastKnownFileType = sourcecode.swift; path = ProductViewController.swift; sourceTree = "<group>"; };
		36029438276B5D27002A3B90 /* ProductModel.swift */ = {isa = PBXFileReference; lastKnownFileType = sourcecode.swift; path = ProductModel.swift; sourceTree = "<group>"; };
		3602943A276B71B1002A3B90 /* AccountViewController.swift */ = {isa = PBXFileReference; lastKnownFileType = sourcecode.swift; path = AccountViewController.swift; sourceTree = "<group>"; };
		3602943C276B7738002A3B90 /* AccountModel.swift */ = {isa = PBXFileReference; lastKnownFileType = sourcecode.swift; path = AccountModel.swift; sourceTree = "<group>"; };
		3602943E276B7C96002A3B90 /* LoginController.swift */ = {isa = PBXFileReference; lastKnownFileType = sourcecode.swift; path = LoginController.swift; sourceTree = "<group>"; };
		36029440276B801E002A3B90 /* AccountTableViewCell.swift */ = {isa = PBXFileReference; lastKnownFileType = sourcecode.swift; path = AccountTableViewCell.swift; sourceTree = "<group>"; };
		368A8BE6276B06D000D356FD /* StoreListings.app */ = {isa = PBXFileReference; explicitFileType = wrapper.application; includeInIndex = 0; path = StoreListings.app; sourceTree = BUILT_PRODUCTS_DIR; };
		368A8BE9276B06D000D356FD /* AppDelegate.swift */ = {isa = PBXFileReference; lastKnownFileType = sourcecode.swift; path = AppDelegate.swift; sourceTree = "<group>"; };
		368A8BEB276B06D000D356FD /* SceneDelegate.swift */ = {isa = PBXFileReference; lastKnownFileType = sourcecode.swift; path = SceneDelegate.swift; sourceTree = "<group>"; };
		368A8BED276B06D000D356FD /* HomeViewController.swift */ = {isa = PBXFileReference; lastKnownFileType = sourcecode.swift; path = HomeViewController.swift; sourceTree = "<group>"; };
		368A8BF0276B06D000D356FD /* Base */ = {isa = PBXFileReference; lastKnownFileType = file.storyboard; name = Base; path = Base.lproj/Main.storyboard; sourceTree = "<group>"; };
		368A8BF3276B06D000D356FD /* StoreListings.xcdatamodel */ = {isa = PBXFileReference; lastKnownFileType = wrapper.xcdatamodel; path = StoreListings.xcdatamodel; sourceTree = "<group>"; };
		368A8BF5276B06D100D356FD /* Assets.xcassets */ = {isa = PBXFileReference; lastKnownFileType = folder.assetcatalog; path = Assets.xcassets; sourceTree = "<group>"; };
		368A8BF8276B06D100D356FD /* Base */ = {isa = PBXFileReference; lastKnownFileType = file.storyboard; name = Base; path = Base.lproj/LaunchScreen.storyboard; sourceTree = "<group>"; };
		368A8BFA276B06D100D356FD /* Info.plist */ = {isa = PBXFileReference; lastKnownFileType = text.plist.xml; path = Info.plist; sourceTree = "<group>"; };
		368A8C01276B19E000D356FD /* AddZipCodeController.swift */ = {isa = PBXFileReference; lastKnownFileType = sourcecode.swift; path = AddZipCodeController.swift; sourceTree = "<group>"; };
/* End PBXFileReference section */

/* Begin PBXFrameworksBuildPhase section */
		368A8BE3276B06D000D356FD /* Frameworks */ = {
			isa = PBXFrameworksBuildPhase;
			buildActionMask = 2147483647;
			files = (
			);
			runOnlyForDeploymentPostprocessing = 0;
		};
/* End PBXFrameworksBuildPhase section */

/* Begin PBXGroup section */
		3602942A276B34CC002A3B90 /* Models */ = {
			isa = PBXGroup;
			children = (
				3602942D276B3514002A3B90 /* StoreModel.swift */,
				3602942F276B3546002A3B90 /* TargetStoreFinderModel.swift */,
				36029438276B5D27002A3B90 /* ProductModel.swift */,
				3602943C276B7738002A3B90 /* AccountModel.swift */,
			);
			path = Models;
			sourceTree = "<group>";
		};
		36029431276B3965002A3B90 /* Cells */ = {
			isa = PBXGroup;
			children = (
				36029432276B3989002A3B90 /* StoreTableViewCell.swift */,
				36029434276B5025002A3B90 /* ProductTableViewCell.swift */,
				36029440276B801E002A3B90 /* AccountTableViewCell.swift */,
			);
			path = Cells;
			sourceTree = "<group>";
		};
		368A8BDD276B06D000D356FD = {
			isa = PBXGroup;
			children = (
				368A8BE8276B06D000D356FD /* StoreListings */,
				368A8BE7276B06D000D356FD /* Products */,
			);
			sourceTree = "<group>";
		};
		368A8BE7276B06D000D356FD /* Products */ = {
			isa = PBXGroup;
			children = (
				368A8BE6276B06D000D356FD /* StoreListings.app */,
			);
			name = Products;
			sourceTree = "<group>";
		};
		368A8BE8276B06D000D356FD /* StoreListings */ = {
			isa = PBXGroup;
			children = (
				36029431276B3965002A3B90 /* Cells */,
				3602942A276B34CC002A3B90 /* Models */,
				368A8C00276B19AF00D356FD /* Controllers */,
				368A8BE9276B06D000D356FD /* AppDelegate.swift */,
				368A8BEB276B06D000D356FD /* SceneDelegate.swift */,
				368A8BEF276B06D000D356FD /* Main.storyboard */,
				368A8BF5276B06D100D356FD /* Assets.xcassets */,
				368A8BF7276B06D100D356FD /* LaunchScreen.storyboard */,
				368A8BFA276B06D100D356FD /* Info.plist */,
				368A8BF2276B06D000D356FD /* StoreListings.xcdatamodeld */,
			);
			path = StoreListings;
			sourceTree = "<group>";
		};
		368A8C00276B19AF00D356FD /* Controllers */ = {
			isa = PBXGroup;
			children = (
				368A8BED276B06D000D356FD /* HomeViewController.swift */,
				368A8C01276B19E000D356FD /* AddZipCodeController.swift */,
				36029424276B2477002A3B90 /* StoreViewController.swift */,
				36029428276B3355002A3B90 /* SetZipCodeController.swift */,
				36029436276B50D5002A3B90 /* ProductViewController.swift */,
				3602943A276B71B1002A3B90 /* AccountViewController.swift */,
				3602943E276B7C96002A3B90 /* LoginController.swift */,
			);
			path = Controllers;
			sourceTree = "<group>";
		};
/* End PBXGroup section */

/* Begin PBXNativeTarget section */
		368A8BE5276B06D000D356FD /* StoreListings */ = {
			isa = PBXNativeTarget;
			buildConfigurationList = 368A8BFD276B06D100D356FD /* Build configuration list for PBXNativeTarget "StoreListings" */;
			buildPhases = (
				368A8BE2276B06D000D356FD /* Sources */,
				368A8BE3276B06D000D356FD /* Frameworks */,
				368A8BE4276B06D000D356FD /* Resources */,
			);
			buildRules = (
			);
			dependencies = (
			);
			name = StoreListings;
			productName = StoreListings;
			productReference = 368A8BE6276B06D000D356FD /* StoreListings.app */;
			productType = "com.apple.product-type.application";
		};
/* End PBXNativeTarget section */

/* Begin PBXProject section */
		368A8BDE276B06D000D356FD /* Project object */ = {
			isa = PBXProject;
			attributes = {
				BuildIndependentTargetsInParallel = 1;
				LastSwiftUpdateCheck = 1320;
				LastUpgradeCheck = 1320;
				TargetAttributes = {
					368A8BE5276B06D000D356FD = {
						CreatedOnToolsVersion = 13.2;
					};
				};
			};
			buildConfigurationList = 368A8BE1276B06D000D356FD /* Build configuration list for PBXProject "StoreListings" */;
			compatibilityVersion = "Xcode 13.0";
			developmentRegion = en;
			hasScannedForEncodings = 0;
			knownRegions = (
				en,
				Base,
			);
			mainGroup = 368A8BDD276B06D000D356FD;
			productRefGroup = 368A8BE7276B06D000D356FD /* Products */;
			projectDirPath = "";
			projectRoot = "";
			targets = (
				368A8BE5276B06D000D356FD /* StoreListings */,
			);
		};
/* End PBXProject section */

/* Begin PBXResourcesBuildPhase section */
		368A8BE4276B06D000D356FD /* Resources */ = {
			isa = PBXResourcesBuildPhase;
			buildActionMask = 2147483647;
			files = (
				368A8BF9276B06D100D356FD /* LaunchScreen.storyboard in Resources */,
				368A8BF6276B06D100D356FD /* Assets.xcassets in Resources */,
				368A8BF1276B06D000D356FD /* Main.storyboard in Resources */,
			);
			runOnlyForDeploymentPostprocessing = 0;
		};
/* End PBXResourcesBuildPhase section */

/* Begin PBXSourcesBuildPhase section */
		368A8BE2276B06D000D356FD /* Sources */ = {
			isa = PBXSourcesBuildPhase;
			buildActionMask = 2147483647;
			files = (
				36029429276B3355002A3B90 /* SetZipCodeController.swift in Sources */,
				3602942E276B3514002A3B90 /* StoreModel.swift in Sources */,
				3602943B276B71B1002A3B90 /* AccountViewController.swift in Sources */,
				36029441276B801E002A3B90 /* AccountTableViewCell.swift in Sources */,
				368A8BF4276B06D000D356FD /* StoreListings.xcdatamodeld in Sources */,
				36029430276B3546002A3B90 /* TargetStoreFinderModel.swift in Sources */,
				368A8BEE276B06D000D356FD /* HomeViewController.swift in Sources */,
				36029425276B2477002A3B90 /* StoreViewController.swift in Sources */,
				36029437276B50D5002A3B90 /* ProductViewController.swift in Sources */,
				368A8BEA276B06D000D356FD /* AppDelegate.swift in Sources */,
				36029435276B5025002A3B90 /* ProductTableViewCell.swift in Sources */,
				3602943D276B7738002A3B90 /* AccountModel.swift in Sources */,
				36029439276B5D27002A3B90 /* ProductModel.swift in Sources */,
				368A8BEC276B06D000D356FD /* SceneDelegate.swift in Sources */,
				3602943F276B7C96002A3B90 /* LoginController.swift in Sources */,
				368A8C02276B19E000D356FD /* AddZipCodeController.swift in Sources */,
				36029433276B3989002A3B90 /* StoreTableViewCell.swift in Sources */,
			);
			runOnlyForDeploymentPostprocessing = 0;
		};
/* End PBXSourcesBuildPhase section */

/* Begin PBXVariantGroup section */
		368A8BEF276B06D000D356FD /* Main.storyboard */ = {
			isa = PBXVariantGroup;
			children = (
				368A8BF0276B06D000D356FD /* Base */,
			);
			name = Main.storyboard;
			sourceTree = "<group>";
		};
		368A8BF7276B06D100D356FD /* LaunchScreen.storyboard */ = {
			isa = PBXVariantGroup;
			children = (
				368A8BF8276B06D100D356FD /* Base */,
			);
			name = LaunchScreen.storyboard;
			sourceTree = "<group>";
		};
/* End PBXVariantGroup section */

/* Begin XCBuildConfiguration section */
		368A8BFB276B06D100D356FD /* Debug */ = {
			isa = XCBuildConfiguration;
			buildSettings = {
				ALWAYS_SEARCH_USER_PATHS = NO;
				CLANG_ANALYZER_NONNULL = YES;
				CLANG_ANALYZER_NUMBER_OBJECT_CONVERSION = YES_AGGRESSIVE;
				CLANG_CXX_LANGUAGE_STANDARD = "gnu++17";
				CLANG_CXX_LIBRARY = "libc++";
				CLANG_ENABLE_MODULES = YES;
				CLANG_ENABLE_OBJC_ARC = YES;
				CLANG_ENABLE_OBJC_WEAK = YES;
				CLANG_WARN_BLOCK_CAPTURE_AUTORELEASING = YES;
				CLANG_WARN_BOOL_CONVERSION = YES;
				CLANG_WARN_COMMA = YES;
				CLANG_WARN_CONSTANT_CONVERSION = YES;
				CLANG_WARN_DEPRECATED_OBJC_IMPLEMENTATIONS = YES;
				CLANG_WARN_DIRECT_OBJC_ISA_USAGE = YES_ERROR;
				CLANG_WARN_DOCUMENTATION_COMMENTS = YES;
				CLANG_WARN_EMPTY_BODY = YES;
				CLANG_WARN_ENUM_CONVERSION = YES;
				CLANG_WARN_INFINITE_RECURSION = YES;
				CLANG_WARN_INT_CONVERSION = YES;
				CLANG_WARN_NON_LITERAL_NULL_CONVERSION = YES;
				CLANG_WARN_OBJC_IMPLICIT_RETAIN_SELF = YES;
				CLANG_WARN_OBJC_LITERAL_CONVERSION = YES;
				CLANG_WARN_OBJC_ROOT_CLASS = YES_ERROR;
				CLANG_WARN_QUOTED_INCLUDE_IN_FRAMEWORK_HEADER = YES;
				CLANG_WARN_RANGE_LOOP_ANALYSIS = YES;
				CLANG_WARN_STRICT_PROTOTYPES = YES;
				CLANG_WARN_SUSPICIOUS_MOVE = YES;
				CLANG_WARN_UNGUARDED_AVAILABILITY = YES_AGGRESSIVE;
				CLANG_WARN_UNREACHABLE_CODE = YES;
				CLANG_WARN__DUPLICATE_METHOD_MATCH = YES;
				COPY_PHASE_STRIP = NO;
				DEBUG_INFORMATION_FORMAT = dwarf;
				ENABLE_STRICT_OBJC_MSGSEND = YES;
				ENABLE_TESTABILITY = YES;
				GCC_C_LANGUAGE_STANDARD = gnu11;
				GCC_DYNAMIC_NO_PIC = NO;
				GCC_NO_COMMON_BLOCKS = YES;
				GCC_OPTIMIZATION_LEVEL = 0;
				GCC_PREPROCESSOR_DEFINITIONS = (
					"DEBUG=1",
					"$(inherited)",
				);
				GCC_WARN_64_TO_32_BIT_CONVERSION = YES;
				GCC_WARN_ABOUT_RETURN_TYPE = YES_ERROR;
				GCC_WARN_UNDECLARED_SELECTOR = YES;
				GCC_WARN_UNINITIALIZED_AUTOS = YES_AGGRESSIVE;
				GCC_WARN_UNUSED_FUNCTION = YES;
				GCC_WARN_UNUSED_VARIABLE = YES;
				IPHONEOS_DEPLOYMENT_TARGET = 15.2;
				MTL_ENABLE_DEBUG_INFO = INCLUDE_SOURCE;
				MTL_FAST_MATH = YES;
				ONLY_ACTIVE_ARCH = YES;
				SDKROOT = iphoneos;
				SWIFT_ACTIVE_COMPILATION_CONDITIONS = DEBUG;
				SWIFT_OPTIMIZATION_LEVEL = "-Onone";
			};
			name = Debug;
		};
		368A8BFC276B06D100D356FD /* Release */ = {
			isa = XCBuildConfiguration;
			buildSettings = {
				ALWAYS_SEARCH_USER_PATHS = NO;
				CLANG_ANALYZER_NONNULL = YES;
				CLANG_ANALYZER_NUMBER_OBJECT_CONVERSION = YES_AGGRESSIVE;
				CLANG_CXX_LANGUAGE_STANDARD = "gnu++17";
				CLANG_CXX_LIBRARY = "libc++";
				CLANG_ENABLE_MODULES = YES;
				CLANG_ENABLE_OBJC_ARC = YES;
				CLANG_ENABLE_OBJC_WEAK = YES;
				CLANG_WARN_BLOCK_CAPTURE_AUTORELEASING = YES;
				CLANG_WARN_BOOL_CONVERSION = YES;
				CLANG_WARN_COMMA = YES;
				CLANG_WARN_CONSTANT_CONVERSION = YES;
				CLANG_WARN_DEPRECATED_OBJC_IMPLEMENTATIONS = YES;
				CLANG_WARN_DIRECT_OBJC_ISA_USAGE = YES_ERROR;
				CLANG_WARN_DOCUMENTATION_COMMENTS = YES;
				CLANG_WARN_EMPTY_BODY = YES;
				CLANG_WARN_ENUM_CONVERSION = YES;
				CLANG_WARN_INFINITE_RECURSION = YES;
				CLANG_WARN_INT_CONVERSION = YES;
				CLANG_WARN_NON_LITERAL_NULL_CONVERSION = YES;
				CLANG_WARN_OBJC_IMPLICIT_RETAIN_SELF = YES;
				CLANG_WARN_OBJC_LITERAL_CONVERSION = YES;
				CLANG_WARN_OBJC_ROOT_CLASS = YES_ERROR;
				CLANG_WARN_QUOTED_INCLUDE_IN_FRAMEWORK_HEADER = YES;
				CLANG_WARN_RANGE_LOOP_ANALYSIS = YES;
				CLANG_WARN_STRICT_PROTOTYPES = YES;
				CLANG_WARN_SUSPICIOUS_MOVE = YES;
				CLANG_WARN_UNGUARDED_AVAILABILITY = YES_AGGRESSIVE;
				CLANG_WARN_UNREACHABLE_CODE = YES;
				CLANG_WARN__DUPLICATE_METHOD_MATCH = YES;
				COPY_PHASE_STRIP = NO;
				DEBUG_INFORMATION_FORMAT = "dwarf-with-dsym";
				ENABLE_NS_ASSERTIONS = NO;
				ENABLE_STRICT_OBJC_MSGSEND = YES;
				GCC_C_LANGUAGE_STANDARD = gnu11;
				GCC_NO_COMMON_BLOCKS = YES;
				GCC_WARN_64_TO_32_BIT_CONVERSION = YES;
				GCC_WARN_ABOUT_RETURN_TYPE = YES_ERROR;
				GCC_WARN_UNDECLARED_SELECTOR = YES;
				GCC_WARN_UNINITIALIZED_AUTOS = YES_AGGRESSIVE;
				GCC_WARN_UNUSED_FUNCTION = YES;
				GCC_WARN_UNUSED_VARIABLE = YES;
				IPHONEOS_DEPLOYMENT_TARGET = 15.2;
				MTL_ENABLE_DEBUG_INFO = NO;
				MTL_FAST_MATH = YES;
				SDKROOT = iphoneos;
				SWIFT_COMPILATION_MODE = wholemodule;
				SWIFT_OPTIMIZATION_LEVEL = "-O";
				VALIDATE_PRODUCT = YES;
			};
			name = Release;
		};
		368A8BFE276B06D100D356FD /* Debug */ = {
			isa = XCBuildConfiguration;
			buildSettings = {
				ASSETCATALOG_COMPILER_APPICON_NAME = AppIcon;
				ASSETCATALOG_COMPILER_GLOBAL_ACCENT_COLOR_NAME = AccentColor;
				CODE_SIGN_STYLE = Automatic;
				CURRENT_PROJECT_VERSION = 1;
				DEVELOPMENT_TEAM = LGC53M2YSQ;
				GENERATE_INFOPLIST_FILE = YES;
				INFOPLIST_FILE = StoreListings/Info.plist;
				INFOPLIST_KEY_UIApplicationSupportsIndirectInputEvents = YES;
				INFOPLIST_KEY_UILaunchStoryboardName = LaunchScreen;
				INFOPLIST_KEY_UIMainStoryboardFile = Main;
				INFOPLIST_KEY_UISupportedInterfaceOrientations_iPad = "UIInterfaceOrientationPortrait UIInterfaceOrientationPortraitUpsideDown UIInterfaceOrientationLandscapeLeft UIInterfaceOrientationLandscapeRight";
				INFOPLIST_KEY_UISupportedInterfaceOrientations_iPhone = "UIInterfaceOrientationPortrait UIInterfaceOrientationLandscapeLeft UIInterfaceOrientationLandscapeRight";
				LD_RUNPATH_SEARCH_PATHS = (
					"$(inherited)",
					"@executable_path/Frameworks",
				);
				MARKETING_VERSION = 1.0;
				PRODUCT_BUNDLE_IDENTIFIER = kchan16.sfsu.edu.StoreListings;
				PRODUCT_NAME = "$(TARGET_NAME)";
				SWIFT_EMIT_LOC_STRINGS = YES;
				SWIFT_VERSION = 5.0;
				TARGETED_DEVICE_FAMILY = "1,2";
			};
			name = Debug;
		};
		368A8BFF276B06D100D356FD /* Release */ = {
			isa = XCBuildConfiguration;
			buildSettings = {
				ASSETCATALOG_COMPILER_APPICON_NAME = AppIcon;
				ASSETCATALOG_COMPILER_GLOBAL_ACCENT_COLOR_NAME = AccentColor;
				CODE_SIGN_STYLE = Automatic;
				CURRENT_PROJECT_VERSION = 1;
				DEVELOPMENT_TEAM = LGC53M2YSQ;
				GENERATE_INFOPLIST_FILE = YES;
				INFOPLIST_FILE = StoreListings/Info.plist;
				INFOPLIST_KEY_UIApplicationSupportsIndirectInputEvents = YES;
				INFOPLIST_KEY_UILaunchStoryboardName = LaunchScreen;
				INFOPLIST_KEY_UIMainStoryboardFile = Main;
				INFOPLIST_KEY_UISupportedInterfaceOrientations_iPad = "UIInterfaceOrientationPortrait UIInterfaceOrientationPortraitUpsideDown UIInterfaceOrientationLandscapeLeft UIInterfaceOrientationLandscapeRight";
				INFOPLIST_KEY_UISupportedInterfaceOrientations_iPhone = "UIInterfaceOrientationPortrait UIInterfaceOrientationLandscapeLeft UIInterfaceOrientationLandscapeRight";
				LD_RUNPATH_SEARCH_PATHS = (
					"$(inherited)",
					"@executable_path/Frameworks",
				);
				MARKETING_VERSION = 1.0;
				PRODUCT_BUNDLE_IDENTIFIER = kchan16.sfsu.edu.StoreListings;
				PRODUCT_NAME = "$(TARGET_NAME)";
				SWIFT_EMIT_LOC_STRINGS = YES;
				SWIFT_VERSION = 5.0;
				TARGETED_DEVICE_FAMILY = "1,2";
			};
			name = Release;
		};
/* End XCBuildConfiguration section */

/* Begin XCConfigurationList section */
		368A8BE1276B06D000D356FD /* Build configuration list for PBXProject "StoreListings" */ = {
			isa = XCConfigurationList;
			buildConfigurations = (
				368A8BFB276B06D100D356FD /* Debug */,
				368A8BFC276B06D100D356FD /* Release */,
			);
			defaultConfigurationIsVisible = 0;
			defaultConfigurationName = Release;
		};
		368A8BFD276B06D100D356FD /* Build configuration list for PBXNativeTarget "StoreListings" */ = {
			isa = XCConfigurationList;
			buildConfigurations = (
				368A8BFE276B06D100D356FD /* Debug */,
				368A8BFF276B06D100D356FD /* Release */,
			);
			defaultConfigurationIsVisible = 0;
			defaultConfigurationName = Release;
		};
/* End XCConfigurationList section */

/* Begin XCVersionGroup section */
		368A8BF2276B06D000D356FD /* StoreListings.xcdatamodeld */ = {
			isa = XCVersionGroup;
			children = (
				368A8BF3276B06D000D356FD /* StoreListings.xcdatamodel */,
			);
			currentVersion = 368A8BF3276B06D000D356FD /* StoreListings.xcdatamodel */;
			path = StoreListings.xcdatamodeld;
			sourceTree = "<group>";
			versionGroupType = wrapper.xcdatamodel;
		};
/* End XCVersionGroup section */
	};
	rootObject = 368A8BDE276B06D000D356FD /* Project object */;
}
